
Microsoft Visual Studio Solution File, Format Version 12.00
# Visual Studio 15
VisualStudioVersion = 15.0.28307.421
MinimumVisualStudioVersion = 10.0.40219.1
Project("{FAE04EC0-301F-11D3-BF4B-00C04F79EFBC}") = "KeePassPipePlugin", "KeePassPipePlugin\KeePassPipePlugin.csproj", "{7C5E6684-329B-450C-8F8E-E2D344004816}"
EndProject
Project("{FAE04EC0-301F-11D3-BF4B-00C04F79EFBC}") = "KeePassPipe", "KeePassPipe\KeePassPipe.csproj", "{D584FE0A-F840-461E-9C0B-81750B8C3E40}"
EndProject
Global
	GlobalSection(SolutionConfigurationPlatforms) = preSolution
		Debug|Any CPU = Debug|Any CPU
		Release|Any CPU = Release|Any CPU
	EndGlobalSection
	GlobalSection(ProjectConfigurationPlatforms) = postSolution
		{7C5E6684-329B-450C-8F8E-E2D344004816}.Debug|Any CPU.ActiveCfg = Debug|Any CPU
		{7C5E6684-329B-450C-8F8E-E2D344004816}.Debug|Any CPU.Build.0 = Debug|Any CPU
		{7C5E6684-329B-450C-8F8E-E2D344004816}.Release|Any CPU.ActiveCfg = Release|Any CPU
		{7C5E6684-329B-450C-8F8E-E2D344004816}.Release|Any CPU.Build.0 = Release|Any CPU
		{D584FE0A-F840-461E-9C0B-81750B8C3E40}.Debug|Any CPU.ActiveCfg = Debug|Any CPU
		{D584FE0A-F840-461E-9C0B-81750B8C3E40}.Debug|Any CPU.Build.0 = Debug|Any CPU
		{D584FE0A-F840-461E-9C0B-81750B8C3E40}.Release|Any CPU.ActiveCfg = Release|Any CPU
		{D584FE0A-F840-461E-9C0B-81750B8C3E40}.Release|Any CPU.Build.0 = Release|Any CPU
	EndGlobalSection
	GlobalSection(SolutionProperties) = preSolution
		HideSolutionNode = FALSE
	EndGlobalSection
	GlobalSection(ExtensibilityGlobals) = postSolution
		SolutionGuid = {3A2EA7F5-DEA3-4A58-8E66-453BC37D4293}
	EndGlobalSection
EndGlobal
